
Microsoft Visual Studio Solution File, Format Version 12.00
# Visual Studio Version 16
VisualStudioVersion = 16.0.30223.230
MinimumVisualStudioVersion = 10.0.40219.1
Project("{2150E333-8FDC-42A3-9474-1A3956D46DE8}") = "痕迹g", "痕迹g", "{2096F908-DEB7-4D3D-963D-D0BE9C70B815}"
EndProject
Project("{2150E333-8FDC-42A3-9474-1A3956D46DE8}") = "糖君哒", "糖君哒", "{320E2DBB-3EBD-41FC-A7E7-C6AE7963B235}"
EndProject
Project("{2150E333-8FDC-42A3-9474-1A3956D46DE8}") = "Mine", "Mine", "{07F686F1-1631-4225-A64F-A19C9204935B}"
EndProject
Project("{9A19103F-16F7-4668-BE54-9A1E7A4F7556}") = "M3U8 Downloader", "Mine\M3U8 Downloader\M3U8 Downloader.csproj", "{76940354-174E-4818-A70D-59097623F1C2}"
EndProject
Project("{9A19103F-16F7-4668-BE54-9A1E7A4F7556}") = "WpfClient", "Mine\WpfClient\WpfClient.csproj", "{4AA6D86A-568E-4300-8072-496484A1D384}"
EndProject
Project("{9A19103F-16F7-4668-BE54-9A1E7A4F7556}") = "BV1aE411i7YQ", "痕迹g\BV1aE411i7YQ\BV1aE411i7YQ.csproj", "{AF5D5819-7C55-4C33-9386-1F7200D7CEF5}"
EndProject
Project("{9A19103F-16F7-4668-BE54-9A1E7A4F7556}") = "BV1aE411v7F5", "痕迹g\BV1aE411v7F5\BV1aE411v7F5.csproj", "{742BB7BB-4680-442B-9276-E9467DB17689}"
EndProject
Project("{9A19103F-16F7-4668-BE54-9A1E7A4F7556}") = "BV1HJ411w7eN", "痕迹g\BV1HJ411w7eN\BV1HJ411w7eN.csproj", "{C3FC9D9C-A420-4107-9DF6-F8C60DEBBAA3}"
EndProject
Project("{FAE04EC0-301F-11D3-BF4B-00C04F79EFBC}") = "BV1mJ411F7zG", "痕迹g\BV1mJ411F7zG\BV1mJ411F7zG.csproj", "{C32BA555-3C47-482F-8098-837F7E19C72F}"
EndProject
Project("{9A19103F-16F7-4668-BE54-9A1E7A4F7556}") = "BV1XJ41127Dp", "痕迹g\BV1XJ41127Dp\BV1XJ41127Dp.csproj", "{7B4D6AD8-0344-4EF5-AAB4-38BAC4776460}"
EndProject
Project("{9A19103F-16F7-4668-BE54-9A1E7A4F7556}") = "BV1Cb411y7A3", "糖君哒\BV1Cb411y7A3\BV1Cb411y7A3.csproj", "{1B1E6BCF-1087-43D6-B04E-33F221D8CFFE}"
EndProject
Project("{9A19103F-16F7-4668-BE54-9A1E7A4F7556}") = "BV1ME411i7gC", "糖君哒\BV1ME411i7gC\BV1ME411i7gC.csproj", "{078AFCED-ADB8-404F-B65D-57A21A979915}"
EndProject
Project("{9A19103F-16F7-4668-BE54-9A1E7A4F7556}") = "BV1wb411Y7Xa", "糖君哒\BV1wb411Y7Xa\BV1wb411Y7Xa.csproj", "{5FBBDE16-5901-4527-BB8A-466BEA169F83}"
EndProject
Project("{9A19103F-16F7-4668-BE54-9A1E7A4F7556}") = "BV11J411S7Zf", "糖君哒\BV11J411S7Zf\BV11J411S7Zf.csproj", "{5A0A2DB6-B72B-47E2-89FE-37898EA74A2A}"
EndProject
Global
	GlobalSection(SolutionConfigurationPlatforms) = preSolution
		Debug|Any CPU = Debug|Any CPU
		Release|Any CPU = Release|Any CPU
	EndGlobalSection
	GlobalSection(ProjectConfigurationPlatforms) = postSolution
		{76940354-174E-4818-A70D-59097623F1C2}.Debug|Any CPU.ActiveCfg = Debug|Any CPU
		{76940354-174E-4818-A70D-59097623F1C2}.Debug|Any CPU.Build.0 = Debug|Any CPU
		{76940354-174E-4818-A70D-59097623F1C2}.Release|Any CPU.ActiveCfg = Release|Any CPU
		{76940354-174E-4818-A70D-59097623F1C2}.Release|Any CPU.Build.0 = Release|Any CPU
		{4AA6D86A-568E-4300-8072-496484A1D384}.Debug|Any CPU.ActiveCfg = Debug|Any CPU
		{4AA6D86A-568E-4300-8072-496484A1D384}.Debug|Any CPU.Build.0 = Debug|Any CPU
		{4AA6D86A-568E-4300-8072-496484A1D384}.Release|Any CPU.ActiveCfg = Release|Any CPU
		{4AA6D86A-568E-4300-8072-496484A1D384}.Release|Any CPU.Build.0 = Release|Any CPU
		{AF5D5819-7C55-4C33-9386-1F7200D7CEF5}.Debug|Any CPU.ActiveCfg = Debug|Any CPU
		{AF5D5819-7C55-4C33-9386-1F7200D7CEF5}.Debug|Any CPU.Build.0 = Debug|Any CPU
		{AF5D5819-7C55-4C33-9386-1F7200D7CEF5}.Release|Any CPU.ActiveCfg = Release|Any CPU
		{AF5D5819-7C55-4C33-9386-1F7200D7CEF5}.Release|Any CPU.Build.0 = Release|Any CPU
		{742BB7BB-4680-442B-9276-E9467DB17689}.Debug|Any CPU.ActiveCfg = Debug|Any CPU
		{742BB7BB-4680-442B-9276-E9467DB17689}.Debug|Any CPU.Build.0 = Debug|Any CPU
		{742BB7BB-4680-442B-9276-E9467DB17689}.Release|Any CPU.ActiveCfg = Release|Any CPU
		{742BB7BB-4680-442B-9276-E9467DB17689}.Release|Any CPU.Build.0 = Release|Any CPU
		{C3FC9D9C-A420-4107-9DF6-F8C60DEBBAA3}.Debug|Any CPU.ActiveCfg = Debug|Any CPU
		{C3FC9D9C-A420-4107-9DF6-F8C60DEBBAA3}.Debug|Any CPU.Build.0 = Debug|Any CPU
		{C3FC9D9C-A420-4107-9DF6-F8C60DEBBAA3}.Release|Any CPU.ActiveCfg = Release|Any CPU
		{C3FC9D9C-A420-4107-9DF6-F8C60DEBBAA3}.Release|Any CPU.Build.0 = Release|Any CPU
		{C32BA555-3C47-482F-8098-837F7E19C72F}.Debug|Any CPU.ActiveCfg = Debug|Any CPU
		{C32BA555-3C47-482F-8098-837F7E19C72F}.Debug|Any CPU.Build.0 = Debug|Any CPU
		{C32BA555-3C47-482F-8098-837F7E19C72F}.Release|Any CPU.ActiveCfg = Release|Any CPU
		{C32BA555-3C47-482F-8098-837F7E19C72F}.Release|Any CPU.Build.0 = Release|Any CPU
		{7B4D6AD8-0344-4EF5-AAB4-38BAC4776460}.Debug|Any CPU.ActiveCfg = Debug|Any CPU
		{7B4D6AD8-0344-4EF5-AAB4-38BAC4776460}.Debug|Any CPU.Build.0 = Debug|Any CPU
		{7B4D6AD8-0344-4EF5-AAB4-38BAC4776460}.Release|Any CPU.ActiveCfg = Release|Any CPU
		{7B4D6AD8-0344-4EF5-AAB4-38BAC4776460}.Release|Any CPU.Build.0 = Release|Any CPU
		{1B1E6BCF-1087-43D6-B04E-33F221D8CFFE}.Debug|Any CPU.ActiveCfg = Debug|Any CPU
		{1B1E6BCF-1087-43D6-B04E-33F221D8CFFE}.Debug|Any CPU.Build.0 = Debug|Any CPU
		{1B1E6BCF-1087-43D6-B04E-33F221D8CFFE}.Release|Any CPU.ActiveCfg = Release|Any CPU
		{1B1E6BCF-1087-43D6-B04E-33F221D8CFFE}.Release|Any CPU.Build.0 = Release|Any CPU
		{078AFCED-ADB8-404F-B65D-57A21A979915}.Debug|Any CPU.ActiveCfg = Debug|Any CPU
		{078AFCED-ADB8-404F-B65D-57A21A979915}.Debug|Any CPU.Build.0 = Debug|Any CPU
		{078AFCED-ADB8-404F-B65D-57A21A979915}.Release|Any CPU.ActiveCfg = Release|Any CPU
		{078AFCED-ADB8-404F-B65D-57A21A979915}.Release|Any CPU.Build.0 = Release|Any CPU
		{5FBBDE16-5901-4527-BB8A-466BEA169F83}.Debug|Any CPU.ActiveCfg = Debug|Any CPU
		{5FBBDE16-5901-4527-BB8A-466BEA169F83}.Debug|Any CPU.Build.0 = Debug|Any CPU
		{5FBBDE16-5901-4527-BB8A-466BEA169F83}.Release|Any CPU.ActiveCfg = Release|Any CPU
		{5FBBDE16-5901-4527-BB8A-466BEA169F83}.Release|Any CPU.Build.0 = Release|Any CPU
		{5A0A2DB6-B72B-47E2-89FE-37898EA74A2A}.Debug|Any CPU.ActiveCfg = Debug|Any CPU
		{5A0A2DB6-B72B-47E2-89FE-37898EA74A2A}.Debug|Any CPU.Build.0 = Debug|Any CPU
		{5A0A2DB6-B72B-47E2-89FE-37898EA74A2A}.Release|Any CPU.ActiveCfg = Release|Any CPU
		{5A0A2DB6-B72B-47E2-89FE-37898EA74A2A}.Release|Any CPU.Build.0 = Release|Any CPU
	EndGlobalSection
	GlobalSection(SolutionProperties) = preSolution
		HideSolutionNode = FALSE
	EndGlobalSection
	GlobalSection(NestedProjects) = preSolution
		{76940354-174E-4818-A70D-59097623F1C2} = {07F686F1-1631-4225-A64F-A19C9204935B}
		{4AA6D86A-568E-4300-8072-496484A1D384} = {07F686F1-1631-4225-A64F-A19C9204935B}
		{AF5D5819-7C55-4C33-9386-1F7200D7CEF5} = {2096F908-DEB7-4D3D-963D-D0BE9C70B815}
		{742BB7BB-4680-442B-9276-E9467DB17689} = {2096F908-DEB7-4D3D-963D-D0BE9C70B815}
		{C3FC9D9C-A420-4107-9DF6-F8C60DEBBAA3} = {2096F908-DEB7-4D3D-963D-D0BE9C70B815}
		{C32BA555-3C47-482F-8098-837F7E19C72F} = {2096F908-DEB7-4D3D-963D-D0BE9C70B815}
		{7B4D6AD8-0344-4EF5-AAB4-38BAC4776460} = {2096F908-DEB7-4D3D-963D-D0BE9C70B815}
		{1B1E6BCF-1087-43D6-B04E-33F221D8CFFE} = {320E2DBB-3EBD-41FC-A7E7-C6AE7963B235}
		{078AFCED-ADB8-404F-B65D-57A21A979915} = {320E2DBB-3EBD-41FC-A7E7-C6AE7963B235}
		{5FBBDE16-5901-4527-BB8A-466BEA169F83} = {320E2DBB-3EBD-41FC-A7E7-C6AE7963B235}
		{5A0A2DB6-B72B-47E2-89FE-37898EA74A2A} = {320E2DBB-3EBD-41FC-A7E7-C6AE7963B235}
	EndGlobalSection
	GlobalSection(ExtensibilityGlobals) = postSolution
		SolutionGuid = {AAC40176-6F7D-4966-A075-192AFF779733}
	EndGlobalSection
EndGlobal
