
Microsoft Visual Studio Solution File, Format Version 12.00
# Visual Studio Version 16
VisualStudioVersion = 16.0.30223.230
MinimumVisualStudioVersion = 10.0.40219.1
Project("{FAE04EC0-301F-11D3-BF4B-00C04F79EFBC}") = "BV1mJ411F7zG", "BV1mJ411F7zG\BV1mJ411F7zG.csproj", "{C32BA555-3C47-482F-8098-837F7E19C72F}"
EndProject
Project("{2150E333-8FDC-42A3-9474-1A3956D46DE8}") = "痕迹g", "痕迹g", "{2096F908-DEB7-4D3D-963D-D0BE9C70B815}"
EndProject
Project("{2150E333-8FDC-42A3-9474-1A3956D46DE8}") = "糖君哒", "糖君哒", "{320E2DBB-3EBD-41FC-A7E7-C6AE7963B235}"
EndProject
Project("{9A19103F-16F7-4668-BE54-9A1E7A4F7556}") = "BV1ME411i7gC", "BV1ME411i7gC\BV1ME411i7gC.csproj", "{CDE85324-7164-4B5F-9B53-193EEAE072B4}"
EndProject
Project("{9A19103F-16F7-4668-BE54-9A1E7A4F7556}") = "BV1HJ411w7eN", "BV1HJ411w7eN\BV1HJ411w7eN.csproj", "{6402DCF8-1538-46E6-B83B-9D9FE8F25656}"
EndProject
Project("{9A19103F-16F7-4668-BE54-9A1E7A4F7556}") = "BV1Cb411y7A3", "BV1Cb411y7A3\BV1Cb411y7A3.csproj", "{F5D6CE21-B43D-47D0-A143-2AEEDD8DEA25}"
EndProject
Project("{9A19103F-16F7-4668-BE54-9A1E7A4F7556}") = "BV1aE411i7YQ", "BV1aE411i7YQ\BV1aE411i7YQ.csproj", "{7011353F-EE35-4B8C-85E5-4CDBDDF8E379}"
EndProject
Project("{9A19103F-16F7-4668-BE54-9A1E7A4F7556}") = "BV1wb411Y7Xa", "BV1wb411Y7Xa\BV1wb411Y7Xa.csproj", "{368389E4-DB44-4F7A-AED1-763842687AC2}"
EndProject
Project("{9A19103F-16F7-4668-BE54-9A1E7A4F7556}") = "BV1aE411v7F5", "BV1aE411v7F5\BV1aE411v7F5.csproj", "{FD48CAD8-099C-4113-AC43-ED91160D8380}"
EndProject
Project("{9A19103F-16F7-4668-BE54-9A1E7A4F7556}") = "BV11J411S7Zf", "BV11J411S7Zf\BV11J411S7Zf.csproj", "{5429FB1A-4085-486D-B519-9FA4A2ED3A6B}"
EndProject
Project("{2150E333-8FDC-42A3-9474-1A3956D46DE8}") = "Mine", "Mine", "{07F686F1-1631-4225-A64F-A19C9204935B}"
EndProject
Project("{9A19103F-16F7-4668-BE54-9A1E7A4F7556}") = "WpfClient", "WpfClient\WpfClient.csproj", "{D13C79EC-B318-4179-BAF5-7D899683EB2B}"
EndProject
Project("{FAE04EC0-301F-11D3-BF4B-00C04F79EFBC}") = "BV1XJ41127Dp", "BV1XJ41127Dp\BV1XJ41127Dp.csproj", "{7834F08F-B9C9-444E-AFE6-ED5A6B8C99D7}"
EndProject
Project("{9A19103F-16F7-4668-BE54-9A1E7A4F7556}") = "M3U8 Downloader", "M3U8 Downloader\M3U8 Downloader.csproj", "{B62A71B0-2EB9-43D8-8A49-0EA940F08145}"
EndProject
Global
	GlobalSection(SolutionConfigurationPlatforms) = preSolution
		Debug|Any CPU = Debug|Any CPU
		Release|Any CPU = Release|Any CPU
	EndGlobalSection
	GlobalSection(ProjectConfigurationPlatforms) = postSolution
		{C32BA555-3C47-482F-8098-837F7E19C72F}.Debug|Any CPU.ActiveCfg = Debug|Any CPU
		{C32BA555-3C47-482F-8098-837F7E19C72F}.Debug|Any CPU.Build.0 = Debug|Any CPU
		{C32BA555-3C47-482F-8098-837F7E19C72F}.Release|Any CPU.ActiveCfg = Release|Any CPU
		{C32BA555-3C47-482F-8098-837F7E19C72F}.Release|Any CPU.Build.0 = Release|Any CPU
		{CDE85324-7164-4B5F-9B53-193EEAE072B4}.Debug|Any CPU.ActiveCfg = Debug|Any CPU
		{CDE85324-7164-4B5F-9B53-193EEAE072B4}.Debug|Any CPU.Build.0 = Debug|Any CPU
		{CDE85324-7164-4B5F-9B53-193EEAE072B4}.Release|Any CPU.ActiveCfg = Release|Any CPU
		{CDE85324-7164-4B5F-9B53-193EEAE072B4}.Release|Any CPU.Build.0 = Release|Any CPU
		{6402DCF8-1538-46E6-B83B-9D9FE8F25656}.Debug|Any CPU.ActiveCfg = Debug|Any CPU
		{6402DCF8-1538-46E6-B83B-9D9FE8F25656}.Debug|Any CPU.Build.0 = Debug|Any CPU
		{6402DCF8-1538-46E6-B83B-9D9FE8F25656}.Release|Any CPU.ActiveCfg = Release|Any CPU
		{6402DCF8-1538-46E6-B83B-9D9FE8F25656}.Release|Any CPU.Build.0 = Release|Any CPU
		{F5D6CE21-B43D-47D0-A143-2AEEDD8DEA25}.Debug|Any CPU.ActiveCfg = Debug|Any CPU
		{F5D6CE21-B43D-47D0-A143-2AEEDD8DEA25}.Debug|Any CPU.Build.0 = Debug|Any CPU
		{F5D6CE21-B43D-47D0-A143-2AEEDD8DEA25}.Release|Any CPU.ActiveCfg = Release|Any CPU
		{F5D6CE21-B43D-47D0-A143-2AEEDD8DEA25}.Release|Any CPU.Build.0 = Release|Any CPU
		{7011353F-EE35-4B8C-85E5-4CDBDDF8E379}.Debug|Any CPU.ActiveCfg = Debug|Any CPU
		{7011353F-EE35-4B8C-85E5-4CDBDDF8E379}.Debug|Any CPU.Build.0 = Debug|Any CPU
		{7011353F-EE35-4B8C-85E5-4CDBDDF8E379}.Release|Any CPU.ActiveCfg = Release|Any CPU
		{7011353F-EE35-4B8C-85E5-4CDBDDF8E379}.Release|Any CPU.Build.0 = Release|Any CPU
		{368389E4-DB44-4F7A-AED1-763842687AC2}.Debug|Any CPU.ActiveCfg = Debug|Any CPU
		{368389E4-DB44-4F7A-AED1-763842687AC2}.Debug|Any CPU.Build.0 = Debug|Any CPU
		{368389E4-DB44-4F7A-AED1-763842687AC2}.Release|Any CPU.ActiveCfg = Release|Any CPU
		{368389E4-DB44-4F7A-AED1-763842687AC2}.Release|Any CPU.Build.0 = Release|Any CPU
		{FD48CAD8-099C-4113-AC43-ED91160D8380}.Debug|Any CPU.ActiveCfg = Debug|Any CPU
		{FD48CAD8-099C-4113-AC43-ED91160D8380}.Debug|Any CPU.Build.0 = Debug|Any CPU
		{FD48CAD8-099C-4113-AC43-ED91160D8380}.Release|Any CPU.ActiveCfg = Release|Any CPU
		{FD48CAD8-099C-4113-AC43-ED91160D8380}.Release|Any CPU.Build.0 = Release|Any CPU
		{5429FB1A-4085-486D-B519-9FA4A2ED3A6B}.Debug|Any CPU.ActiveCfg = Debug|Any CPU
		{5429FB1A-4085-486D-B519-9FA4A2ED3A6B}.Debug|Any CPU.Build.0 = Debug|Any CPU
		{5429FB1A-4085-486D-B519-9FA4A2ED3A6B}.Release|Any CPU.ActiveCfg = Release|Any CPU
		{5429FB1A-4085-486D-B519-9FA4A2ED3A6B}.Release|Any CPU.Build.0 = Release|Any CPU
		{D13C79EC-B318-4179-BAF5-7D899683EB2B}.Debug|Any CPU.ActiveCfg = Debug|Any CPU
		{D13C79EC-B318-4179-BAF5-7D899683EB2B}.Debug|Any CPU.Build.0 = Debug|Any CPU
		{D13C79EC-B318-4179-BAF5-7D899683EB2B}.Release|Any CPU.ActiveCfg = Release|Any CPU
		{D13C79EC-B318-4179-BAF5-7D899683EB2B}.Release|Any CPU.Build.0 = Release|Any CPU
		{7834F08F-B9C9-444E-AFE6-ED5A6B8C99D7}.Debug|Any CPU.ActiveCfg = Debug|Any CPU
		{7834F08F-B9C9-444E-AFE6-ED5A6B8C99D7}.Debug|Any CPU.Build.0 = Debug|Any CPU
		{7834F08F-B9C9-444E-AFE6-ED5A6B8C99D7}.Release|Any CPU.ActiveCfg = Release|Any CPU
		{7834F08F-B9C9-444E-AFE6-ED5A6B8C99D7}.Release|Any CPU.Build.0 = Release|Any CPU
		{B62A71B0-2EB9-43D8-8A49-0EA940F08145}.Debug|Any CPU.ActiveCfg = Debug|Any CPU
		{B62A71B0-2EB9-43D8-8A49-0EA940F08145}.Debug|Any CPU.Build.0 = Debug|Any CPU
		{B62A71B0-2EB9-43D8-8A49-0EA940F08145}.Release|Any CPU.ActiveCfg = Release|Any CPU
		{B62A71B0-2EB9-43D8-8A49-0EA940F08145}.Release|Any CPU.Build.0 = Release|Any CPU
	EndGlobalSection
	GlobalSection(SolutionProperties) = preSolution
		HideSolutionNode = FALSE
	EndGlobalSection
	GlobalSection(NestedProjects) = preSolution
		{C32BA555-3C47-482F-8098-837F7E19C72F} = {2096F908-DEB7-4D3D-963D-D0BE9C70B815}
		{CDE85324-7164-4B5F-9B53-193EEAE072B4} = {320E2DBB-3EBD-41FC-A7E7-C6AE7963B235}
		{6402DCF8-1538-46E6-B83B-9D9FE8F25656} = {2096F908-DEB7-4D3D-963D-D0BE9C70B815}
		{F5D6CE21-B43D-47D0-A143-2AEEDD8DEA25} = {320E2DBB-3EBD-41FC-A7E7-C6AE7963B235}
		{7011353F-EE35-4B8C-85E5-4CDBDDF8E379} = {2096F908-DEB7-4D3D-963D-D0BE9C70B815}
		{368389E4-DB44-4F7A-AED1-763842687AC2} = {320E2DBB-3EBD-41FC-A7E7-C6AE7963B235}
		{FD48CAD8-099C-4113-AC43-ED91160D8380} = {2096F908-DEB7-4D3D-963D-D0BE9C70B815}
		{5429FB1A-4085-486D-B519-9FA4A2ED3A6B} = {320E2DBB-3EBD-41FC-A7E7-C6AE7963B235}
		{D13C79EC-B318-4179-BAF5-7D899683EB2B} = {07F686F1-1631-4225-A64F-A19C9204935B}
		{7834F08F-B9C9-444E-AFE6-ED5A6B8C99D7} = {2096F908-DEB7-4D3D-963D-D0BE9C70B815}
		{B62A71B0-2EB9-43D8-8A49-0EA940F08145} = {07F686F1-1631-4225-A64F-A19C9204935B}
	EndGlobalSection
	GlobalSection(ExtensibilityGlobals) = postSolution
		SolutionGuid = {AAC40176-6F7D-4966-A075-192AFF779733}
	EndGlobalSection
EndGlobal
