
Microsoft Visual Studio Solution File, Format Version 12.00
# Visual Studio Version 16
VisualStudioVersion = 16.0.30223.230
MinimumVisualStudioVersion = 10.0.40219.1
Project("{2150E333-8FDC-42A3-9474-1A3956D46DE8}") = "痕迹g", "痕迹g", "{2096F908-DEB7-4D3D-963D-D0BE9C70B815}"
EndProject
Project("{2150E333-8FDC-42A3-9474-1A3956D46DE8}") = "糖君哒", "糖君哒", "{320E2DBB-3EBD-41FC-A7E7-C6AE7963B235}"
EndProject
Project("{2150E333-8FDC-42A3-9474-1A3956D46DE8}") = "Mine", "Mine", "{07F686F1-1631-4225-A64F-A19C9204935B}"
EndProject
Project("{9A19103F-16F7-4668-BE54-9A1E7A4F7556}") = "M3U8 Downloader", "Mine\M3U8 Downloader\M3U8 Downloader.csproj", "{76940354-174E-4818-A70D-59097623F1C2}"
EndProject
Project("{9A19103F-16F7-4668-BE54-9A1E7A4F7556}") = "WpfClient", "Mine\WpfClient\WpfClient.csproj", "{4AA6D86A-568E-4300-8072-496484A1D384}"
EndProject
Project("{9A19103F-16F7-4668-BE54-9A1E7A4F7556}") = "BV1aE411i7YQ", "痕迹g\BV1aE411i7YQ\BV1aE411i7YQ.csproj", "{AF5D5819-7C55-4C33-9386-1F7200D7CEF5}"
EndProject
Project("{9A19103F-16F7-4668-BE54-9A1E7A4F7556}") = "BV1aE411v7F5", "痕迹g\BV1aE411v7F5\BV1aE411v7F5.csproj", "{742BB7BB-4680-442B-9276-E9467DB17689}"
EndProject
Project("{9A19103F-16F7-4668-BE54-9A1E7A4F7556}") = "BV1HJ411w7eN", "痕迹g\BV1HJ411w7eN\BV1HJ411w7eN.csproj", "{C3FC9D9C-A420-4107-9DF6-F8C60DEBBAA3}"
EndProject
Project("{FAE04EC0-301F-11D3-BF4B-00C04F79EFBC}") = "BV1mJ411F7zG", "痕迹g\BV1mJ411F7zG\BV1mJ411F7zG.csproj", "{C32BA555-3C47-482F-8098-837F7E19C72F}"
EndProject
Project("{9A19103F-16F7-4668-BE54-9A1E7A4F7556}") = "BV1XJ41127Dp", "痕迹g\BV1XJ41127Dp\BV1XJ41127Dp.csproj", "{7B4D6AD8-0344-4EF5-AAB4-38BAC4776460}"
EndProject
Project("{9A19103F-16F7-4668-BE54-9A1E7A4F7556}") = "BV1Cb411y7A3", "糖君哒\BV1Cb411y7A3\BV1Cb411y7A3.csproj", "{1B1E6BCF-1087-43D6-B04E-33F221D8CFFE}"
EndProject
Project("{9A19103F-16F7-4668-BE54-9A1E7A4F7556}") = "BV1ME411i7gC", "糖君哒\BV1ME411i7gC\BV1ME411i7gC.csproj", "{078AFCED-ADB8-404F-B65D-57A21A979915}"
EndProject
Project("{9A19103F-16F7-4668-BE54-9A1E7A4F7556}") = "BV1wb411Y7Xa", "糖君哒\BV1wb411Y7Xa\BV1wb411Y7Xa.csproj", "{5FBBDE16-5901-4527-BB8A-466BEA169F83}"
EndProject
Project("{9A19103F-16F7-4668-BE54-9A1E7A4F7556}") = "BV11J411S7Zf", "糖君哒\BV11J411S7Zf\BV11J411S7Zf.csproj", "{5A0A2DB6-B72B-47E2-89FE-37898EA74A2A}"
EndProject
Project("{9A19103F-16F7-4668-BE54-9A1E7A4F7556}") = "BV1bJ411D7U3", "糖君哒\BV1bJ411D7U3\BV1bJ411D7U3.csproj", "{9E673DA5-C111-4E21-8A25-EFEABC915058}"
EndProject
Project("{9A19103F-16F7-4668-BE54-9A1E7A4F7556}") = "BV1XJ411Q7B2", "痕迹g\BV1XJ411Q7B2\BV1XJ411Q7B2.csproj", "{C4D07CE4-1A1A-4E0B-924A-5CBCBC5174E0}"
EndProject
Project("{9A19103F-16F7-4668-BE54-9A1E7A4F7556}") = "BV1cJ411Y7wW", "痕迹g\BV1cJ411Y7wW\BV1cJ411Y7wW.csproj", "{E01C1996-F300-486D-A4AC-07A28F1FF311}"
EndProject
Project("{9A19103F-16F7-4668-BE54-9A1E7A4F7556}") = "BV1XJ411z7QT", "糖君哒\BV1XJ411z7QT\BV1XJ411z7QT.csproj", "{52B9615B-A6F5-4D32-918D-629682BBE0CC}"
EndProject
Project("{9A19103F-16F7-4668-BE54-9A1E7A4F7556}") = "BV1UJ411d7zk", "糖君哒\BV1UJ411d7zk\BV1UJ411d7zk.csproj", "{8F6A69D1-122F-4A4A-A627-CCFA93263D89}"
EndProject
Project("{9A19103F-16F7-4668-BE54-9A1E7A4F7556}") = "BV1uJ411n7Zw", "痕迹g\BV1uJ411n7Zw\BV1uJ411n7Zw.csproj", "{ED9475A9-DD6A-4F59-95CB-4C1D614875DF}"
EndProject
Project("{9A19103F-16F7-4668-BE54-9A1E7A4F7556}") = "BV1DJ411r7j2", "糖君哒\BV1DJ411r7j2\BV1DJ411r7j2.csproj", "{B2B453F5-98D4-48E1-B1E1-C42C2A635ACD}"
EndProject
Project("{9A19103F-16F7-4668-BE54-9A1E7A4F7556}") = "SignalRDesktop", "痕迹g\SignalRDesktop\SignalRDesktop.csproj", "{BEAADDED-815C-4A77-B8C5-553D1FAC39F6}"
EndProject
Project("{9A19103F-16F7-4668-BE54-9A1E7A4F7556}") = "BV1HJ411k7jV", "糖君哒\BV1HJ411k7jV\BV1HJ411k7jV.csproj", "{CD0D8D95-A46B-4748-9117-B1D770CC3588}"
EndProject
Project("{9A19103F-16F7-4668-BE54-9A1E7A4F7556}") = "BV157411P7sz", "痕迹g\BV157411P7sz\BV157411P7sz.csproj", "{8654F6D1-8E21-42D4-8CDA-18AB95545AC6}"
EndProject
Project("{9A19103F-16F7-4668-BE54-9A1E7A4F7556}") = "BV1sJ41157F7", "糖君哒\BV1sJ41157F7\BV1sJ41157F7.csproj", "{7407A739-E635-4562-963F-A13A080738A9}"
EndProject
Project("{9A19103F-16F7-4668-BE54-9A1E7A4F7556}") = "BV1X7411K7fE", "痕迹g\BV1X7411K7fE\BV1X7411K7fE.csproj", "{90DC8208-1EE5-43A7-A19A-C49A1F3AD77A}"
EndProject
Project("{9A19103F-16F7-4668-BE54-9A1E7A4F7556}") = "BV18E411M7Hi", "糖君哒\BV18E411M7Hi\BV18E411M7Hi.csproj", "{82F6653D-DE01-4992-8019-1FFC071DFB6A}"
EndProject
Project("{9A19103F-16F7-4668-BE54-9A1E7A4F7556}") = "BV1H7411Z7dY", "糖君哒\BV1H7411Z7dY\BV1H7411Z7dY.csproj", "{ADF62F2A-67A5-4FA7-A84A-D376C28D5A98}"
EndProject
Project("{9A19103F-16F7-4668-BE54-9A1E7A4F7556}") = "BV1qE411M7NU", "痕迹g\BV1qE411M7NU\BV1qE411M7NU.csproj", "{CD9C5EDA-6428-422E-B021-B8A2C389946E}"
EndProject
Project("{9A19103F-16F7-4668-BE54-9A1E7A4F7556}") = "BV1uE411N7Bf", "痕迹g\BV1uE411N7Bf\BV1uE411N7Bf.csproj", "{E5B2E728-7807-4A23-A1DC-783B87E42874}"
EndProject
Project("{9A19103F-16F7-4668-BE54-9A1E7A4F7556}") = "BV1D741127X2", "糖君哒\BV1D741127X2\BV1D741127X2.csproj", "{79084A06-9F61-4EAE-A6BA-E4EE382C3FAB}"
EndProject
Project("{9A19103F-16F7-4668-BE54-9A1E7A4F7556}") = "BV1gE411c7Zq", "痕迹g\BV1gE411c7Zq\BV1gE411c7Zq.csproj", "{B3B7FA99-7374-43CC-9248-57368AEA1FD2}"
EndProject
Project("{9A19103F-16F7-4668-BE54-9A1E7A4F7556}") = "BV12741117cE", "糖君哒\BV12741117cE\BV12741117cE.csproj", "{BB7BEBF9-9627-43C3-9FF1-A465F3656B5F}"
EndProject
Project("{9A19103F-16F7-4668-BE54-9A1E7A4F7556}") = "BV1i7411y7VJ", "痕迹g\BV1i7411y7VJ\BV1i7411y7VJ.csproj", "{17BB1EB7-CC05-4C58-95DF-F883CD000187}"
EndProject
Project("{9A19103F-16F7-4668-BE54-9A1E7A4F7556}") = "BV1i7411y7VJ.Client", "痕迹g\BV1i7411y7VJ.Client\BV1i7411y7VJ.Client.csproj", "{E91B3CA7-A701-42C1-BCED-DAFCBD1700E5}"
EndProject
Project("{9A19103F-16F7-4668-BE54-9A1E7A4F7556}") = "BV1Z7411D7HM", "糖君哒\BV1Z7411D7HM\BV1Z7411D7HM.csproj", "{7573236B-DFA7-46FE-8D72-3F431680571D}"
EndProject
Project("{9A19103F-16F7-4668-BE54-9A1E7A4F7556}") = "BV11V411r75f", "糖君哒\BV11V411r75f\BV11V411r75f.csproj", "{E933FE16-7B8F-4F53-AEEA-C31B3E1726D9}"
EndProject
Project("{9A19103F-16F7-4668-BE54-9A1E7A4F7556}") = "BV1ik4y1d7yf", "痕迹g\BV1ik4y1d7yf\BV1ik4y1d7yf.csproj", "{AA48284E-FF44-4895-8B8F-B849908AA556}"
EndProject
Project("{9A19103F-16F7-4668-BE54-9A1E7A4F7556}") = "BV13Z4y1p7hE", "糖君哒\BV13Z4y1p7hE\BV13Z4y1p7hE.csproj", "{76A5CC0F-389E-4843-A171-578FEBBE9D24}"
EndProject
Project("{9A19103F-16F7-4668-BE54-9A1E7A4F7556}") = "BV1ft4y117Bo", "痕迹g\BV1ft4y117Bo\BV1ft4y117Bo.csproj", "{F9BA3A53-31E3-4D85-9826-BB2862FB4B80}"
EndProject
Project("{9A19103F-16F7-4668-BE54-9A1E7A4F7556}") = "BV1kT4y1u7gL", "痕迹g\BV1kT4y1u7gL\BV1kT4y1u7gL.csproj", "{2590BB6A-93C0-465C-9333-E024A455FDFB}"
EndProject
Project("{9A19103F-16F7-4668-BE54-9A1E7A4F7556}") = "BV1Hf4y117G5", "糖君哒\BV1Hf4y117G5\BV1Hf4y117G5.csproj", "{0F66C889-E568-418A-8F76-3A115AB3F643}"
EndProject
Project("{9A19103F-16F7-4668-BE54-9A1E7A4F7556}") = "BV1zK4y1s78p", "糖君哒\BV1zK4y1s78p\BV1zK4y1s78p.csproj", "{232D1EA5-4F4D-43B7-9398-D8066F9396F5}"
EndProject
Project("{FAE04EC0-301F-11D3-BF4B-00C04F79EFBC}") = "BV1hZ4y1u7Wt", "糖君哒\BV1hZ4y1u7Wt\BV1hZ4y1u7Wt.csproj", "{CFD49336-7A58-4DFF-8E82-155C45515DC6}"
EndProject
Project("{9A19103F-16F7-4668-BE54-9A1E7A4F7556}") = "BV1u5411Y74a", "糖君哒\BV1u5411Y74a\BV1u5411Y74a.csproj", "{B3E4A9FC-4600-4CC6-9484-E4957F7FC7D3}"
EndProject
Project("{9A19103F-16F7-4668-BE54-9A1E7A4F7556}") = "BV115411W74L", "痕迹g\BV115411W74L\BV115411W74L.csproj", "{611A0A49-53D9-4E7D-9FBE-BE8A1FEE3882}"
EndProject
Project("{9A19103F-16F7-4668-BE54-9A1E7A4F7556}") = "BV1pC4y1h74c", "糖君哒\BV1pC4y1h74c\BV1pC4y1h74c.csproj", "{E1FB29E9-1396-4FBA-A9A5-5B8747AE1F37}"
EndProject
Project("{9A19103F-16F7-4668-BE54-9A1E7A4F7556}") = "BV1fV411B7Fs", "糖君哒\BV1fV411B7Fs\BV1fV411B7Fs.csproj", "{E5B3FEEF-CBA2-46C0-BDD3-C21284DF17E1}"
EndProject
Project("{9A19103F-16F7-4668-BE54-9A1E7A4F7556}") = "BV1mV411B7fi", "糖君哒\BV1mV411B7fi\BV1mV411B7fi.csproj", "{1D675DB5-BB22-4AE0-97FD-4DB3631F6A29}"
EndProject
Project("{9A19103F-16F7-4668-BE54-9A1E7A4F7556}") = "BV1AT4y1j7Nh", "糖君哒\BV1AT4y1j7Nh\BV1AT4y1j7Nh.csproj", "{A2E5BE4C-5A9A-424F-8AB2-46E2F7F36DCA}"
EndProject
Project("{9A19103F-16F7-4668-BE54-9A1E7A4F7556}") = "BV1M54y1D7AG", "糖君哒\BV1M54y1D7AG\BV1M54y1D7AG.csproj", "{84FB32F4-C843-4110-8B3F-D89B9976F55E}"
EndProject
Project("{9A19103F-16F7-4668-BE54-9A1E7A4F7556}") = "BV1e54y1i7NF", "糖君哒\BV1e54y1i7NF\BV1e54y1i7NF.csproj", "{5908992A-3A2E-44B0-8B48-BD686EDD8504}"
EndProject
Project("{9A19103F-16F7-4668-BE54-9A1E7A4F7556}") = "ExcelChart0", "Mine\ExcelChart0\ExcelChart0.csproj", "{96462512-7847-427C-9588-6DB0A24E960C}"
EndProject
Project("{9A19103F-16F7-4668-BE54-9A1E7A4F7556}") = "BV15V411U73V", "糖君哒\BV15V411U73V\BV15V411U73V.csproj", "{D7D6FECC-2651-479A-9683-B2B31ACE9944}"
EndProject
Project("{9A19103F-16F7-4668-BE54-9A1E7A4F7556}") = "BV1Dh411d7w3", "糖君哒\BV1Dh411d7w3\BV1Dh411d7w3.csproj", "{EBA84763-A0AC-48CB-9118-94DA4E62D4EB}"
EndProject
Project("{9A19103F-16F7-4668-BE54-9A1E7A4F7556}") = "BV14h411X7yt", "糖君哒\BV14h411X7yt\BV14h411X7yt.csproj", "{6A55055C-0103-4797-9D73-771DC272FF20}"
EndProject
Project("{9A19103F-16F7-4668-BE54-9A1E7A4F7556}") = "BV1bi4y1j7Wz", "糖君哒\BV1bi4y1j7Wz\BV1bi4y1j7Wz.csproj", "{D6F8AFE6-D0E9-4EDB-A7D9-DE584AC37112}"
EndProject
Project("{9A19103F-16F7-4668-BE54-9A1E7A4F7556}") = "BV1Xa411A7Eu", "糖君哒\BV1Xa411A7Eu\BV1Xa411A7Eu.csproj", "{DE8EE638-1852-44B5-999B-3AD27F2EDD51}"
EndProject
Project("{FAE04EC0-301F-11D3-BF4B-00C04F79EFBC}") = "RichTextBoxDemo", "Mine\RichTextBoxTest\RichTextBoxDemo.csproj", "{7E22E098-C1E7-4B02-85BF-93D6D7AB265E}"
EndProject
Global
	GlobalSection(SolutionConfigurationPlatforms) = preSolution
		Debug|Any CPU = Debug|Any CPU
		Release|Any CPU = Release|Any CPU
	EndGlobalSection
	GlobalSection(ProjectConfigurationPlatforms) = postSolution
		{76940354-174E-4818-A70D-59097623F1C2}.Debug|Any CPU.ActiveCfg = Debug|Any CPU
		{76940354-174E-4818-A70D-59097623F1C2}.Debug|Any CPU.Build.0 = Debug|Any CPU
		{76940354-174E-4818-A70D-59097623F1C2}.Release|Any CPU.ActiveCfg = Release|Any CPU
		{76940354-174E-4818-A70D-59097623F1C2}.Release|Any CPU.Build.0 = Release|Any CPU
		{4AA6D86A-568E-4300-8072-496484A1D384}.Debug|Any CPU.ActiveCfg = Debug|Any CPU
		{4AA6D86A-568E-4300-8072-496484A1D384}.Debug|Any CPU.Build.0 = Debug|Any CPU
		{4AA6D86A-568E-4300-8072-496484A1D384}.Release|Any CPU.ActiveCfg = Release|Any CPU
		{4AA6D86A-568E-4300-8072-496484A1D384}.Release|Any CPU.Build.0 = Release|Any CPU
		{AF5D5819-7C55-4C33-9386-1F7200D7CEF5}.Debug|Any CPU.ActiveCfg = Debug|Any CPU
		{AF5D5819-7C55-4C33-9386-1F7200D7CEF5}.Debug|Any CPU.Build.0 = Debug|Any CPU
		{AF5D5819-7C55-4C33-9386-1F7200D7CEF5}.Release|Any CPU.ActiveCfg = Release|Any CPU
		{AF5D5819-7C55-4C33-9386-1F7200D7CEF5}.Release|Any CPU.Build.0 = Release|Any CPU
		{742BB7BB-4680-442B-9276-E9467DB17689}.Debug|Any CPU.ActiveCfg = Debug|Any CPU
		{742BB7BB-4680-442B-9276-E9467DB17689}.Debug|Any CPU.Build.0 = Debug|Any CPU
		{742BB7BB-4680-442B-9276-E9467DB17689}.Release|Any CPU.ActiveCfg = Release|Any CPU
		{742BB7BB-4680-442B-9276-E9467DB17689}.Release|Any CPU.Build.0 = Release|Any CPU
		{C3FC9D9C-A420-4107-9DF6-F8C60DEBBAA3}.Debug|Any CPU.ActiveCfg = Debug|Any CPU
		{C3FC9D9C-A420-4107-9DF6-F8C60DEBBAA3}.Debug|Any CPU.Build.0 = Debug|Any CPU
		{C3FC9D9C-A420-4107-9DF6-F8C60DEBBAA3}.Release|Any CPU.ActiveCfg = Release|Any CPU
		{C3FC9D9C-A420-4107-9DF6-F8C60DEBBAA3}.Release|Any CPU.Build.0 = Release|Any CPU
		{C32BA555-3C47-482F-8098-837F7E19C72F}.Debug|Any CPU.ActiveCfg = Debug|Any CPU
		{C32BA555-3C47-482F-8098-837F7E19C72F}.Debug|Any CPU.Build.0 = Debug|Any CPU
		{C32BA555-3C47-482F-8098-837F7E19C72F}.Release|Any CPU.ActiveCfg = Release|Any CPU
		{C32BA555-3C47-482F-8098-837F7E19C72F}.Release|Any CPU.Build.0 = Release|Any CPU
		{7B4D6AD8-0344-4EF5-AAB4-38BAC4776460}.Debug|Any CPU.ActiveCfg = Debug|Any CPU
		{7B4D6AD8-0344-4EF5-AAB4-38BAC4776460}.Debug|Any CPU.Build.0 = Debug|Any CPU
		{7B4D6AD8-0344-4EF5-AAB4-38BAC4776460}.Release|Any CPU.ActiveCfg = Release|Any CPU
		{7B4D6AD8-0344-4EF5-AAB4-38BAC4776460}.Release|Any CPU.Build.0 = Release|Any CPU
		{1B1E6BCF-1087-43D6-B04E-33F221D8CFFE}.Debug|Any CPU.ActiveCfg = Debug|Any CPU
		{1B1E6BCF-1087-43D6-B04E-33F221D8CFFE}.Debug|Any CPU.Build.0 = Debug|Any CPU
		{1B1E6BCF-1087-43D6-B04E-33F221D8CFFE}.Release|Any CPU.ActiveCfg = Release|Any CPU
		{1B1E6BCF-1087-43D6-B04E-33F221D8CFFE}.Release|Any CPU.Build.0 = Release|Any CPU
		{078AFCED-ADB8-404F-B65D-57A21A979915}.Debug|Any CPU.ActiveCfg = Debug|Any CPU
		{078AFCED-ADB8-404F-B65D-57A21A979915}.Debug|Any CPU.Build.0 = Debug|Any CPU
		{078AFCED-ADB8-404F-B65D-57A21A979915}.Release|Any CPU.ActiveCfg = Release|Any CPU
		{078AFCED-ADB8-404F-B65D-57A21A979915}.Release|Any CPU.Build.0 = Release|Any CPU
		{5FBBDE16-5901-4527-BB8A-466BEA169F83}.Debug|Any CPU.ActiveCfg = Debug|Any CPU
		{5FBBDE16-5901-4527-BB8A-466BEA169F83}.Debug|Any CPU.Build.0 = Debug|Any CPU
		{5FBBDE16-5901-4527-BB8A-466BEA169F83}.Release|Any CPU.ActiveCfg = Release|Any CPU
		{5FBBDE16-5901-4527-BB8A-466BEA169F83}.Release|Any CPU.Build.0 = Release|Any CPU
		{5A0A2DB6-B72B-47E2-89FE-37898EA74A2A}.Debug|Any CPU.ActiveCfg = Debug|Any CPU
		{5A0A2DB6-B72B-47E2-89FE-37898EA74A2A}.Debug|Any CPU.Build.0 = Debug|Any CPU
		{5A0A2DB6-B72B-47E2-89FE-37898EA74A2A}.Release|Any CPU.ActiveCfg = Release|Any CPU
		{5A0A2DB6-B72B-47E2-89FE-37898EA74A2A}.Release|Any CPU.Build.0 = Release|Any CPU
		{9E673DA5-C111-4E21-8A25-EFEABC915058}.Debug|Any CPU.ActiveCfg = Debug|Any CPU
		{9E673DA5-C111-4E21-8A25-EFEABC915058}.Debug|Any CPU.Build.0 = Debug|Any CPU
		{9E673DA5-C111-4E21-8A25-EFEABC915058}.Release|Any CPU.ActiveCfg = Release|Any CPU
		{9E673DA5-C111-4E21-8A25-EFEABC915058}.Release|Any CPU.Build.0 = Release|Any CPU
		{C4D07CE4-1A1A-4E0B-924A-5CBCBC5174E0}.Debug|Any CPU.ActiveCfg = Debug|Any CPU
		{C4D07CE4-1A1A-4E0B-924A-5CBCBC5174E0}.Debug|Any CPU.Build.0 = Debug|Any CPU
		{C4D07CE4-1A1A-4E0B-924A-5CBCBC5174E0}.Release|Any CPU.ActiveCfg = Release|Any CPU
		{C4D07CE4-1A1A-4E0B-924A-5CBCBC5174E0}.Release|Any CPU.Build.0 = Release|Any CPU
		{E01C1996-F300-486D-A4AC-07A28F1FF311}.Debug|Any CPU.ActiveCfg = Debug|Any CPU
		{E01C1996-F300-486D-A4AC-07A28F1FF311}.Debug|Any CPU.Build.0 = Debug|Any CPU
		{E01C1996-F300-486D-A4AC-07A28F1FF311}.Release|Any CPU.ActiveCfg = Release|Any CPU
		{E01C1996-F300-486D-A4AC-07A28F1FF311}.Release|Any CPU.Build.0 = Release|Any CPU
		{52B9615B-A6F5-4D32-918D-629682BBE0CC}.Debug|Any CPU.ActiveCfg = Debug|Any CPU
		{52B9615B-A6F5-4D32-918D-629682BBE0CC}.Debug|Any CPU.Build.0 = Debug|Any CPU
		{52B9615B-A6F5-4D32-918D-629682BBE0CC}.Release|Any CPU.ActiveCfg = Release|Any CPU
		{52B9615B-A6F5-4D32-918D-629682BBE0CC}.Release|Any CPU.Build.0 = Release|Any CPU
		{8F6A69D1-122F-4A4A-A627-CCFA93263D89}.Debug|Any CPU.ActiveCfg = Debug|Any CPU
		{8F6A69D1-122F-4A4A-A627-CCFA93263D89}.Debug|Any CPU.Build.0 = Debug|Any CPU
		{8F6A69D1-122F-4A4A-A627-CCFA93263D89}.Release|Any CPU.ActiveCfg = Release|Any CPU
		{8F6A69D1-122F-4A4A-A627-CCFA93263D89}.Release|Any CPU.Build.0 = Release|Any CPU
		{ED9475A9-DD6A-4F59-95CB-4C1D614875DF}.Debug|Any CPU.ActiveCfg = Debug|Any CPU
		{ED9475A9-DD6A-4F59-95CB-4C1D614875DF}.Debug|Any CPU.Build.0 = Debug|Any CPU
		{ED9475A9-DD6A-4F59-95CB-4C1D614875DF}.Release|Any CPU.ActiveCfg = Release|Any CPU
		{ED9475A9-DD6A-4F59-95CB-4C1D614875DF}.Release|Any CPU.Build.0 = Release|Any CPU
		{B2B453F5-98D4-48E1-B1E1-C42C2A635ACD}.Debug|Any CPU.ActiveCfg = Debug|Any CPU
		{B2B453F5-98D4-48E1-B1E1-C42C2A635ACD}.Debug|Any CPU.Build.0 = Debug|Any CPU
		{B2B453F5-98D4-48E1-B1E1-C42C2A635ACD}.Release|Any CPU.ActiveCfg = Release|Any CPU
		{B2B453F5-98D4-48E1-B1E1-C42C2A635ACD}.Release|Any CPU.Build.0 = Release|Any CPU
		{BEAADDED-815C-4A77-B8C5-553D1FAC39F6}.Debug|Any CPU.ActiveCfg = Debug|Any CPU
		{BEAADDED-815C-4A77-B8C5-553D1FAC39F6}.Debug|Any CPU.Build.0 = Debug|Any CPU
		{BEAADDED-815C-4A77-B8C5-553D1FAC39F6}.Release|Any CPU.ActiveCfg = Release|Any CPU
		{BEAADDED-815C-4A77-B8C5-553D1FAC39F6}.Release|Any CPU.Build.0 = Release|Any CPU
		{CD0D8D95-A46B-4748-9117-B1D770CC3588}.Debug|Any CPU.ActiveCfg = Debug|Any CPU
		{CD0D8D95-A46B-4748-9117-B1D770CC3588}.Debug|Any CPU.Build.0 = Debug|Any CPU
		{CD0D8D95-A46B-4748-9117-B1D770CC3588}.Release|Any CPU.ActiveCfg = Release|Any CPU
		{CD0D8D95-A46B-4748-9117-B1D770CC3588}.Release|Any CPU.Build.0 = Release|Any CPU
		{8654F6D1-8E21-42D4-8CDA-18AB95545AC6}.Debug|Any CPU.ActiveCfg = Debug|Any CPU
		{8654F6D1-8E21-42D4-8CDA-18AB95545AC6}.Debug|Any CPU.Build.0 = Debug|Any CPU
		{8654F6D1-8E21-42D4-8CDA-18AB95545AC6}.Release|Any CPU.ActiveCfg = Release|Any CPU
		{8654F6D1-8E21-42D4-8CDA-18AB95545AC6}.Release|Any CPU.Build.0 = Release|Any CPU
		{7407A739-E635-4562-963F-A13A080738A9}.Debug|Any CPU.ActiveCfg = Debug|Any CPU
		{7407A739-E635-4562-963F-A13A080738A9}.Debug|Any CPU.Build.0 = Debug|Any CPU
		{7407A739-E635-4562-963F-A13A080738A9}.Release|Any CPU.ActiveCfg = Release|Any CPU
		{7407A739-E635-4562-963F-A13A080738A9}.Release|Any CPU.Build.0 = Release|Any CPU
		{90DC8208-1EE5-43A7-A19A-C49A1F3AD77A}.Debug|Any CPU.ActiveCfg = Debug|Any CPU
		{90DC8208-1EE5-43A7-A19A-C49A1F3AD77A}.Debug|Any CPU.Build.0 = Debug|Any CPU
		{90DC8208-1EE5-43A7-A19A-C49A1F3AD77A}.Release|Any CPU.ActiveCfg = Release|Any CPU
		{90DC8208-1EE5-43A7-A19A-C49A1F3AD77A}.Release|Any CPU.Build.0 = Release|Any CPU
		{82F6653D-DE01-4992-8019-1FFC071DFB6A}.Debug|Any CPU.ActiveCfg = Debug|Any CPU
		{82F6653D-DE01-4992-8019-1FFC071DFB6A}.Debug|Any CPU.Build.0 = Debug|Any CPU
		{82F6653D-DE01-4992-8019-1FFC071DFB6A}.Release|Any CPU.ActiveCfg = Release|Any CPU
		{82F6653D-DE01-4992-8019-1FFC071DFB6A}.Release|Any CPU.Build.0 = Release|Any CPU
		{ADF62F2A-67A5-4FA7-A84A-D376C28D5A98}.Debug|Any CPU.ActiveCfg = Debug|Any CPU
		{ADF62F2A-67A5-4FA7-A84A-D376C28D5A98}.Debug|Any CPU.Build.0 = Debug|Any CPU
		{ADF62F2A-67A5-4FA7-A84A-D376C28D5A98}.Release|Any CPU.ActiveCfg = Release|Any CPU
		{ADF62F2A-67A5-4FA7-A84A-D376C28D5A98}.Release|Any CPU.Build.0 = Release|Any CPU
		{CD9C5EDA-6428-422E-B021-B8A2C389946E}.Debug|Any CPU.ActiveCfg = Debug|Any CPU
		{CD9C5EDA-6428-422E-B021-B8A2C389946E}.Debug|Any CPU.Build.0 = Debug|Any CPU
		{CD9C5EDA-6428-422E-B021-B8A2C389946E}.Release|Any CPU.ActiveCfg = Release|Any CPU
		{CD9C5EDA-6428-422E-B021-B8A2C389946E}.Release|Any CPU.Build.0 = Release|Any CPU
		{E5B2E728-7807-4A23-A1DC-783B87E42874}.Debug|Any CPU.ActiveCfg = Debug|Any CPU
		{E5B2E728-7807-4A23-A1DC-783B87E42874}.Debug|Any CPU.Build.0 = Debug|Any CPU
		{E5B2E728-7807-4A23-A1DC-783B87E42874}.Release|Any CPU.ActiveCfg = Release|Any CPU
		{E5B2E728-7807-4A23-A1DC-783B87E42874}.Release|Any CPU.Build.0 = Release|Any CPU
		{79084A06-9F61-4EAE-A6BA-E4EE382C3FAB}.Debug|Any CPU.ActiveCfg = Debug|Any CPU
		{79084A06-9F61-4EAE-A6BA-E4EE382C3FAB}.Debug|Any CPU.Build.0 = Debug|Any CPU
		{79084A06-9F61-4EAE-A6BA-E4EE382C3FAB}.Release|Any CPU.ActiveCfg = Release|Any CPU
		{79084A06-9F61-4EAE-A6BA-E4EE382C3FAB}.Release|Any CPU.Build.0 = Release|Any CPU
		{B3B7FA99-7374-43CC-9248-57368AEA1FD2}.Debug|Any CPU.ActiveCfg = Debug|Any CPU
		{B3B7FA99-7374-43CC-9248-57368AEA1FD2}.Debug|Any CPU.Build.0 = Debug|Any CPU
		{B3B7FA99-7374-43CC-9248-57368AEA1FD2}.Release|Any CPU.ActiveCfg = Release|Any CPU
		{B3B7FA99-7374-43CC-9248-57368AEA1FD2}.Release|Any CPU.Build.0 = Release|Any CPU
		{BB7BEBF9-9627-43C3-9FF1-A465F3656B5F}.Debug|Any CPU.ActiveCfg = Debug|Any CPU
		{BB7BEBF9-9627-43C3-9FF1-A465F3656B5F}.Debug|Any CPU.Build.0 = Debug|Any CPU
		{BB7BEBF9-9627-43C3-9FF1-A465F3656B5F}.Release|Any CPU.ActiveCfg = Release|Any CPU
		{BB7BEBF9-9627-43C3-9FF1-A465F3656B5F}.Release|Any CPU.Build.0 = Release|Any CPU
		{17BB1EB7-CC05-4C58-95DF-F883CD000187}.Debug|Any CPU.ActiveCfg = Debug|Any CPU
		{17BB1EB7-CC05-4C58-95DF-F883CD000187}.Debug|Any CPU.Build.0 = Debug|Any CPU
		{17BB1EB7-CC05-4C58-95DF-F883CD000187}.Release|Any CPU.ActiveCfg = Release|Any CPU
		{17BB1EB7-CC05-4C58-95DF-F883CD000187}.Release|Any CPU.Build.0 = Release|Any CPU
		{E91B3CA7-A701-42C1-BCED-DAFCBD1700E5}.Debug|Any CPU.ActiveCfg = Debug|Any CPU
		{E91B3CA7-A701-42C1-BCED-DAFCBD1700E5}.Debug|Any CPU.Build.0 = Debug|Any CPU
		{E91B3CA7-A701-42C1-BCED-DAFCBD1700E5}.Release|Any CPU.ActiveCfg = Release|Any CPU
		{E91B3CA7-A701-42C1-BCED-DAFCBD1700E5}.Release|Any CPU.Build.0 = Release|Any CPU
		{7573236B-DFA7-46FE-8D72-3F431680571D}.Debug|Any CPU.ActiveCfg = Debug|Any CPU
		{7573236B-DFA7-46FE-8D72-3F431680571D}.Debug|Any CPU.Build.0 = Debug|Any CPU
		{7573236B-DFA7-46FE-8D72-3F431680571D}.Release|Any CPU.ActiveCfg = Release|Any CPU
		{7573236B-DFA7-46FE-8D72-3F431680571D}.Release|Any CPU.Build.0 = Release|Any CPU
		{E933FE16-7B8F-4F53-AEEA-C31B3E1726D9}.Debug|Any CPU.ActiveCfg = Debug|Any CPU
		{E933FE16-7B8F-4F53-AEEA-C31B3E1726D9}.Debug|Any CPU.Build.0 = Debug|Any CPU
		{E933FE16-7B8F-4F53-AEEA-C31B3E1726D9}.Release|Any CPU.ActiveCfg = Release|Any CPU
		{E933FE16-7B8F-4F53-AEEA-C31B3E1726D9}.Release|Any CPU.Build.0 = Release|Any CPU
		{AA48284E-FF44-4895-8B8F-B849908AA556}.Debug|Any CPU.ActiveCfg = Debug|Any CPU
		{AA48284E-FF44-4895-8B8F-B849908AA556}.Debug|Any CPU.Build.0 = Debug|Any CPU
		{AA48284E-FF44-4895-8B8F-B849908AA556}.Release|Any CPU.ActiveCfg = Release|Any CPU
		{AA48284E-FF44-4895-8B8F-B849908AA556}.Release|Any CPU.Build.0 = Release|Any CPU
		{76A5CC0F-389E-4843-A171-578FEBBE9D24}.Debug|Any CPU.ActiveCfg = Debug|Any CPU
		{76A5CC0F-389E-4843-A171-578FEBBE9D24}.Debug|Any CPU.Build.0 = Debug|Any CPU
		{76A5CC0F-389E-4843-A171-578FEBBE9D24}.Release|Any CPU.ActiveCfg = Release|Any CPU
		{76A5CC0F-389E-4843-A171-578FEBBE9D24}.Release|Any CPU.Build.0 = Release|Any CPU
		{F9BA3A53-31E3-4D85-9826-BB2862FB4B80}.Debug|Any CPU.ActiveCfg = Debug|Any CPU
		{F9BA3A53-31E3-4D85-9826-BB2862FB4B80}.Debug|Any CPU.Build.0 = Debug|Any CPU
		{F9BA3A53-31E3-4D85-9826-BB2862FB4B80}.Release|Any CPU.ActiveCfg = Release|Any CPU
		{F9BA3A53-31E3-4D85-9826-BB2862FB4B80}.Release|Any CPU.Build.0 = Release|Any CPU
		{2590BB6A-93C0-465C-9333-E024A455FDFB}.Debug|Any CPU.ActiveCfg = Debug|Any CPU
		{2590BB6A-93C0-465C-9333-E024A455FDFB}.Debug|Any CPU.Build.0 = Debug|Any CPU
		{2590BB6A-93C0-465C-9333-E024A455FDFB}.Release|Any CPU.ActiveCfg = Release|Any CPU
		{2590BB6A-93C0-465C-9333-E024A455FDFB}.Release|Any CPU.Build.0 = Release|Any CPU
		{0F66C889-E568-418A-8F76-3A115AB3F643}.Debug|Any CPU.ActiveCfg = Debug|Any CPU
		{0F66C889-E568-418A-8F76-3A115AB3F643}.Debug|Any CPU.Build.0 = Debug|Any CPU
		{0F66C889-E568-418A-8F76-3A115AB3F643}.Release|Any CPU.ActiveCfg = Release|Any CPU
		{0F66C889-E568-418A-8F76-3A115AB3F643}.Release|Any CPU.Build.0 = Release|Any CPU
		{232D1EA5-4F4D-43B7-9398-D8066F9396F5}.Debug|Any CPU.ActiveCfg = Debug|Any CPU
		{232D1EA5-4F4D-43B7-9398-D8066F9396F5}.Debug|Any CPU.Build.0 = Debug|Any CPU
		{232D1EA5-4F4D-43B7-9398-D8066F9396F5}.Release|Any CPU.ActiveCfg = Release|Any CPU
		{232D1EA5-4F4D-43B7-9398-D8066F9396F5}.Release|Any CPU.Build.0 = Release|Any CPU
		{CFD49336-7A58-4DFF-8E82-155C45515DC6}.Debug|Any CPU.ActiveCfg = Debug|Any CPU
		{CFD49336-7A58-4DFF-8E82-155C45515DC6}.Debug|Any CPU.Build.0 = Debug|Any CPU
		{CFD49336-7A58-4DFF-8E82-155C45515DC6}.Release|Any CPU.ActiveCfg = Release|Any CPU
		{CFD49336-7A58-4DFF-8E82-155C45515DC6}.Release|Any CPU.Build.0 = Release|Any CPU
		{B3E4A9FC-4600-4CC6-9484-E4957F7FC7D3}.Debug|Any CPU.ActiveCfg = Debug|Any CPU
		{B3E4A9FC-4600-4CC6-9484-E4957F7FC7D3}.Debug|Any CPU.Build.0 = Debug|Any CPU
		{B3E4A9FC-4600-4CC6-9484-E4957F7FC7D3}.Release|Any CPU.ActiveCfg = Release|Any CPU
		{B3E4A9FC-4600-4CC6-9484-E4957F7FC7D3}.Release|Any CPU.Build.0 = Release|Any CPU
		{611A0A49-53D9-4E7D-9FBE-BE8A1FEE3882}.Debug|Any CPU.ActiveCfg = Debug|Any CPU
		{611A0A49-53D9-4E7D-9FBE-BE8A1FEE3882}.Debug|Any CPU.Build.0 = Debug|Any CPU
		{611A0A49-53D9-4E7D-9FBE-BE8A1FEE3882}.Release|Any CPU.ActiveCfg = Release|Any CPU
		{611A0A49-53D9-4E7D-9FBE-BE8A1FEE3882}.Release|Any CPU.Build.0 = Release|Any CPU
		{E1FB29E9-1396-4FBA-A9A5-5B8747AE1F37}.Debug|Any CPU.ActiveCfg = Debug|Any CPU
		{E1FB29E9-1396-4FBA-A9A5-5B8747AE1F37}.Debug|Any CPU.Build.0 = Debug|Any CPU
		{E1FB29E9-1396-4FBA-A9A5-5B8747AE1F37}.Release|Any CPU.ActiveCfg = Release|Any CPU
		{E1FB29E9-1396-4FBA-A9A5-5B8747AE1F37}.Release|Any CPU.Build.0 = Release|Any CPU
		{E5B3FEEF-CBA2-46C0-BDD3-C21284DF17E1}.Debug|Any CPU.ActiveCfg = Debug|Any CPU
		{E5B3FEEF-CBA2-46C0-BDD3-C21284DF17E1}.Debug|Any CPU.Build.0 = Debug|Any CPU
		{E5B3FEEF-CBA2-46C0-BDD3-C21284DF17E1}.Release|Any CPU.ActiveCfg = Release|Any CPU
		{E5B3FEEF-CBA2-46C0-BDD3-C21284DF17E1}.Release|Any CPU.Build.0 = Release|Any CPU
		{1D675DB5-BB22-4AE0-97FD-4DB3631F6A29}.Debug|Any CPU.ActiveCfg = Debug|Any CPU
		{1D675DB5-BB22-4AE0-97FD-4DB3631F6A29}.Debug|Any CPU.Build.0 = Debug|Any CPU
		{1D675DB5-BB22-4AE0-97FD-4DB3631F6A29}.Release|Any CPU.ActiveCfg = Release|Any CPU
		{1D675DB5-BB22-4AE0-97FD-4DB3631F6A29}.Release|Any CPU.Build.0 = Release|Any CPU
		{A2E5BE4C-5A9A-424F-8AB2-46E2F7F36DCA}.Debug|Any CPU.ActiveCfg = Debug|Any CPU
		{A2E5BE4C-5A9A-424F-8AB2-46E2F7F36DCA}.Debug|Any CPU.Build.0 = Debug|Any CPU
		{A2E5BE4C-5A9A-424F-8AB2-46E2F7F36DCA}.Release|Any CPU.ActiveCfg = Release|Any CPU
		{A2E5BE4C-5A9A-424F-8AB2-46E2F7F36DCA}.Release|Any CPU.Build.0 = Release|Any CPU
		{84FB32F4-C843-4110-8B3F-D89B9976F55E}.Debug|Any CPU.ActiveCfg = Debug|Any CPU
		{84FB32F4-C843-4110-8B3F-D89B9976F55E}.Debug|Any CPU.Build.0 = Debug|Any CPU
		{84FB32F4-C843-4110-8B3F-D89B9976F55E}.Release|Any CPU.ActiveCfg = Release|Any CPU
		{84FB32F4-C843-4110-8B3F-D89B9976F55E}.Release|Any CPU.Build.0 = Release|Any CPU
		{5908992A-3A2E-44B0-8B48-BD686EDD8504}.Debug|Any CPU.ActiveCfg = Debug|Any CPU
		{5908992A-3A2E-44B0-8B48-BD686EDD8504}.Debug|Any CPU.Build.0 = Debug|Any CPU
		{5908992A-3A2E-44B0-8B48-BD686EDD8504}.Release|Any CPU.ActiveCfg = Release|Any CPU
		{5908992A-3A2E-44B0-8B48-BD686EDD8504}.Release|Any CPU.Build.0 = Release|Any CPU
		{96462512-7847-427C-9588-6DB0A24E960C}.Debug|Any CPU.ActiveCfg = Debug|Any CPU
		{96462512-7847-427C-9588-6DB0A24E960C}.Debug|Any CPU.Build.0 = Debug|Any CPU
		{96462512-7847-427C-9588-6DB0A24E960C}.Release|Any CPU.ActiveCfg = Release|Any CPU
		{96462512-7847-427C-9588-6DB0A24E960C}.Release|Any CPU.Build.0 = Release|Any CPU
		{D7D6FECC-2651-479A-9683-B2B31ACE9944}.Debug|Any CPU.ActiveCfg = Debug|Any CPU
		{D7D6FECC-2651-479A-9683-B2B31ACE9944}.Debug|Any CPU.Build.0 = Debug|Any CPU
		{D7D6FECC-2651-479A-9683-B2B31ACE9944}.Release|Any CPU.ActiveCfg = Release|Any CPU
		{D7D6FECC-2651-479A-9683-B2B31ACE9944}.Release|Any CPU.Build.0 = Release|Any CPU
		{EBA84763-A0AC-48CB-9118-94DA4E62D4EB}.Debug|Any CPU.ActiveCfg = Debug|Any CPU
		{EBA84763-A0AC-48CB-9118-94DA4E62D4EB}.Debug|Any CPU.Build.0 = Debug|Any CPU
		{EBA84763-A0AC-48CB-9118-94DA4E62D4EB}.Release|Any CPU.ActiveCfg = Release|Any CPU
		{EBA84763-A0AC-48CB-9118-94DA4E62D4EB}.Release|Any CPU.Build.0 = Release|Any CPU
		{6A55055C-0103-4797-9D73-771DC272FF20}.Debug|Any CPU.ActiveCfg = Debug|Any CPU
		{6A55055C-0103-4797-9D73-771DC272FF20}.Debug|Any CPU.Build.0 = Debug|Any CPU
		{6A55055C-0103-4797-9D73-771DC272FF20}.Release|Any CPU.ActiveCfg = Release|Any CPU
		{6A55055C-0103-4797-9D73-771DC272FF20}.Release|Any CPU.Build.0 = Release|Any CPU
		{D6F8AFE6-D0E9-4EDB-A7D9-DE584AC37112}.Debug|Any CPU.ActiveCfg = Debug|Any CPU
		{D6F8AFE6-D0E9-4EDB-A7D9-DE584AC37112}.Debug|Any CPU.Build.0 = Debug|Any CPU
		{D6F8AFE6-D0E9-4EDB-A7D9-DE584AC37112}.Release|Any CPU.ActiveCfg = Release|Any CPU
		{D6F8AFE6-D0E9-4EDB-A7D9-DE584AC37112}.Release|Any CPU.Build.0 = Release|Any CPU
		{DE8EE638-1852-44B5-999B-3AD27F2EDD51}.Debug|Any CPU.ActiveCfg = Debug|Any CPU
		{DE8EE638-1852-44B5-999B-3AD27F2EDD51}.Debug|Any CPU.Build.0 = Debug|Any CPU
		{DE8EE638-1852-44B5-999B-3AD27F2EDD51}.Release|Any CPU.ActiveCfg = Release|Any CPU
		{DE8EE638-1852-44B5-999B-3AD27F2EDD51}.Release|Any CPU.Build.0 = Release|Any CPU
		{7E22E098-C1E7-4B02-85BF-93D6D7AB265E}.Debug|Any CPU.ActiveCfg = Debug|Any CPU
		{7E22E098-C1E7-4B02-85BF-93D6D7AB265E}.Debug|Any CPU.Build.0 = Debug|Any CPU
		{7E22E098-C1E7-4B02-85BF-93D6D7AB265E}.Release|Any CPU.ActiveCfg = Release|Any CPU
		{7E22E098-C1E7-4B02-85BF-93D6D7AB265E}.Release|Any CPU.Build.0 = Release|Any CPU
	EndGlobalSection
	GlobalSection(SolutionProperties) = preSolution
		HideSolutionNode = FALSE
	EndGlobalSection
	GlobalSection(NestedProjects) = preSolution
		{76940354-174E-4818-A70D-59097623F1C2} = {07F686F1-1631-4225-A64F-A19C9204935B}
		{4AA6D86A-568E-4300-8072-496484A1D384} = {07F686F1-1631-4225-A64F-A19C9204935B}
		{AF5D5819-7C55-4C33-9386-1F7200D7CEF5} = {2096F908-DEB7-4D3D-963D-D0BE9C70B815}
		{742BB7BB-4680-442B-9276-E9467DB17689} = {2096F908-DEB7-4D3D-963D-D0BE9C70B815}
		{C3FC9D9C-A420-4107-9DF6-F8C60DEBBAA3} = {2096F908-DEB7-4D3D-963D-D0BE9C70B815}
		{C32BA555-3C47-482F-8098-837F7E19C72F} = {2096F908-DEB7-4D3D-963D-D0BE9C70B815}
		{7B4D6AD8-0344-4EF5-AAB4-38BAC4776460} = {2096F908-DEB7-4D3D-963D-D0BE9C70B815}
		{1B1E6BCF-1087-43D6-B04E-33F221D8CFFE} = {320E2DBB-3EBD-41FC-A7E7-C6AE7963B235}
		{078AFCED-ADB8-404F-B65D-57A21A979915} = {320E2DBB-3EBD-41FC-A7E7-C6AE7963B235}
		{5FBBDE16-5901-4527-BB8A-466BEA169F83} = {320E2DBB-3EBD-41FC-A7E7-C6AE7963B235}
		{5A0A2DB6-B72B-47E2-89FE-37898EA74A2A} = {320E2DBB-3EBD-41FC-A7E7-C6AE7963B235}
		{9E673DA5-C111-4E21-8A25-EFEABC915058} = {320E2DBB-3EBD-41FC-A7E7-C6AE7963B235}
		{C4D07CE4-1A1A-4E0B-924A-5CBCBC5174E0} = {2096F908-DEB7-4D3D-963D-D0BE9C70B815}
		{E01C1996-F300-486D-A4AC-07A28F1FF311} = {2096F908-DEB7-4D3D-963D-D0BE9C70B815}
		{52B9615B-A6F5-4D32-918D-629682BBE0CC} = {320E2DBB-3EBD-41FC-A7E7-C6AE7963B235}
		{8F6A69D1-122F-4A4A-A627-CCFA93263D89} = {320E2DBB-3EBD-41FC-A7E7-C6AE7963B235}
		{ED9475A9-DD6A-4F59-95CB-4C1D614875DF} = {2096F908-DEB7-4D3D-963D-D0BE9C70B815}
		{B2B453F5-98D4-48E1-B1E1-C42C2A635ACD} = {320E2DBB-3EBD-41FC-A7E7-C6AE7963B235}
		{BEAADDED-815C-4A77-B8C5-553D1FAC39F6} = {2096F908-DEB7-4D3D-963D-D0BE9C70B815}
		{CD0D8D95-A46B-4748-9117-B1D770CC3588} = {320E2DBB-3EBD-41FC-A7E7-C6AE7963B235}
		{8654F6D1-8E21-42D4-8CDA-18AB95545AC6} = {2096F908-DEB7-4D3D-963D-D0BE9C70B815}
		{7407A739-E635-4562-963F-A13A080738A9} = {320E2DBB-3EBD-41FC-A7E7-C6AE7963B235}
		{90DC8208-1EE5-43A7-A19A-C49A1F3AD77A} = {2096F908-DEB7-4D3D-963D-D0BE9C70B815}
		{82F6653D-DE01-4992-8019-1FFC071DFB6A} = {320E2DBB-3EBD-41FC-A7E7-C6AE7963B235}
		{ADF62F2A-67A5-4FA7-A84A-D376C28D5A98} = {320E2DBB-3EBD-41FC-A7E7-C6AE7963B235}
		{CD9C5EDA-6428-422E-B021-B8A2C389946E} = {2096F908-DEB7-4D3D-963D-D0BE9C70B815}
		{E5B2E728-7807-4A23-A1DC-783B87E42874} = {2096F908-DEB7-4D3D-963D-D0BE9C70B815}
		{79084A06-9F61-4EAE-A6BA-E4EE382C3FAB} = {320E2DBB-3EBD-41FC-A7E7-C6AE7963B235}
		{B3B7FA99-7374-43CC-9248-57368AEA1FD2} = {2096F908-DEB7-4D3D-963D-D0BE9C70B815}
		{BB7BEBF9-9627-43C3-9FF1-A465F3656B5F} = {320E2DBB-3EBD-41FC-A7E7-C6AE7963B235}
		{17BB1EB7-CC05-4C58-95DF-F883CD000187} = {2096F908-DEB7-4D3D-963D-D0BE9C70B815}
		{E91B3CA7-A701-42C1-BCED-DAFCBD1700E5} = {2096F908-DEB7-4D3D-963D-D0BE9C70B815}
		{7573236B-DFA7-46FE-8D72-3F431680571D} = {320E2DBB-3EBD-41FC-A7E7-C6AE7963B235}
		{E933FE16-7B8F-4F53-AEEA-C31B3E1726D9} = {320E2DBB-3EBD-41FC-A7E7-C6AE7963B235}
		{AA48284E-FF44-4895-8B8F-B849908AA556} = {2096F908-DEB7-4D3D-963D-D0BE9C70B815}
		{76A5CC0F-389E-4843-A171-578FEBBE9D24} = {320E2DBB-3EBD-41FC-A7E7-C6AE7963B235}
		{F9BA3A53-31E3-4D85-9826-BB2862FB4B80} = {2096F908-DEB7-4D3D-963D-D0BE9C70B815}
		{2590BB6A-93C0-465C-9333-E024A455FDFB} = {2096F908-DEB7-4D3D-963D-D0BE9C70B815}
		{0F66C889-E568-418A-8F76-3A115AB3F643} = {320E2DBB-3EBD-41FC-A7E7-C6AE7963B235}
		{232D1EA5-4F4D-43B7-9398-D8066F9396F5} = {320E2DBB-3EBD-41FC-A7E7-C6AE7963B235}
		{CFD49336-7A58-4DFF-8E82-155C45515DC6} = {320E2DBB-3EBD-41FC-A7E7-C6AE7963B235}
		{B3E4A9FC-4600-4CC6-9484-E4957F7FC7D3} = {320E2DBB-3EBD-41FC-A7E7-C6AE7963B235}
		{611A0A49-53D9-4E7D-9FBE-BE8A1FEE3882} = {2096F908-DEB7-4D3D-963D-D0BE9C70B815}
		{E1FB29E9-1396-4FBA-A9A5-5B8747AE1F37} = {320E2DBB-3EBD-41FC-A7E7-C6AE7963B235}
		{E5B3FEEF-CBA2-46C0-BDD3-C21284DF17E1} = {320E2DBB-3EBD-41FC-A7E7-C6AE7963B235}
		{1D675DB5-BB22-4AE0-97FD-4DB3631F6A29} = {320E2DBB-3EBD-41FC-A7E7-C6AE7963B235}
		{A2E5BE4C-5A9A-424F-8AB2-46E2F7F36DCA} = {320E2DBB-3EBD-41FC-A7E7-C6AE7963B235}
		{84FB32F4-C843-4110-8B3F-D89B9976F55E} = {320E2DBB-3EBD-41FC-A7E7-C6AE7963B235}
		{5908992A-3A2E-44B0-8B48-BD686EDD8504} = {320E2DBB-3EBD-41FC-A7E7-C6AE7963B235}
		{96462512-7847-427C-9588-6DB0A24E960C} = {07F686F1-1631-4225-A64F-A19C9204935B}
		{D7D6FECC-2651-479A-9683-B2B31ACE9944} = {320E2DBB-3EBD-41FC-A7E7-C6AE7963B235}
		{EBA84763-A0AC-48CB-9118-94DA4E62D4EB} = {320E2DBB-3EBD-41FC-A7E7-C6AE7963B235}
		{6A55055C-0103-4797-9D73-771DC272FF20} = {320E2DBB-3EBD-41FC-A7E7-C6AE7963B235}
		{D6F8AFE6-D0E9-4EDB-A7D9-DE584AC37112} = {320E2DBB-3EBD-41FC-A7E7-C6AE7963B235}
		{DE8EE638-1852-44B5-999B-3AD27F2EDD51} = {320E2DBB-3EBD-41FC-A7E7-C6AE7963B235}
		{7E22E098-C1E7-4B02-85BF-93D6D7AB265E} = {07F686F1-1631-4225-A64F-A19C9204935B}
	EndGlobalSection
	GlobalSection(ExtensibilityGlobals) = postSolution
		SolutionGuid = {AAC40176-6F7D-4966-A075-192AFF779733}
	EndGlobalSection
EndGlobal
